
Microsoft Visual Studio Solution File, Format Version 12.00
# Visual Studio Version 16
VisualStudioVersion = 16.0.29418.71
MinimumVisualStudioVersion = 10.0.40219.1
Project("{FAE04EC0-301F-11D3-BF4B-00C04F79EFBC}") = "18022020", "18022020.csproj", "{6FD2896D-DB3D-4110-9B28-C78BF3F7B04B}"
EndProject
Global
	GlobalSection(SolutionConfigurationPlatforms) = preSolution
		Debug|Any CPU = Debug|Any CPU
		Release|Any CPU = Release|Any CPU
	EndGlobalSection
	GlobalSection(ProjectConfigurationPlatforms) = postSolution
		{6FD2896D-DB3D-4110-9B28-C78BF3F7B04B}.Debug|Any CPU.ActiveCfg = Debug|Any CPU
		{6FD2896D-DB3D-4110-9B28-C78BF3F7B04B}.Debug|Any CPU.Build.0 = Debug|Any CPU
		{6FD2896D-DB3D-4110-9B28-C78BF3F7B04B}.Release|Any CPU.ActiveCfg = Release|Any CPU
		{6FD2896D-DB3D-4110-9B28-C78BF3F7B04B}.Release|Any CPU.Build.0 = Release|Any CPU
	EndGlobalSection
	GlobalSection(SolutionProperties) = preSolution
		HideSolutionNode = FALSE
	EndGlobalSection
	GlobalSection(ExtensibilityGlobals) = postSolution
		SolutionGuid = {929A40BD-157F-4572-94C5-5B3876EF306E}
	EndGlobalSection
EndGlobal
